
Microsoft Visual Studio Solution File, Format Version 12.00
# Visual Studio Version 16
VisualStudioVersion = 16.0.30717.126
MinimumVisualStudioVersion = 10.0.40219.1
Project("{FAE04EC0-301F-11D3-BF4B-00C04F79EFBC}") = "Backup_copy", "Backup_copy\Backup_copy.csproj", "{970E3EAC-10F5-4F9D-8F8C-33AB31D05C9E}"
EndProject
Global
	GlobalSection(SolutionConfigurationPlatforms) = preSolution
		Debug|Any CPU = Debug|Any CPU
		Release|Any CPU = Release|Any CPU
	EndGlobalSection
	GlobalSection(ProjectConfigurationPlatforms) = postSolution
		{970E3EAC-10F5-4F9D-8F8C-33AB31D05C9E}.Debug|Any CPU.ActiveCfg = Debug|Any CPU
		{970E3EAC-10F5-4F9D-8F8C-33AB31D05C9E}.Debug|Any CPU.Build.0 = Debug|Any CPU
		{970E3EAC-10F5-4F9D-8F8C-33AB31D05C9E}.Release|Any CPU.ActiveCfg = Release|Any CPU
		{970E3EAC-10F5-4F9D-8F8C-33AB31D05C9E}.Release|Any CPU.Build.0 = Release|Any CPU
	EndGlobalSection
	GlobalSection(SolutionProperties) = preSolution
		HideSolutionNode = FALSE
	EndGlobalSection
	GlobalSection(ExtensibilityGlobals) = postSolution
		SolutionGuid = {E769D596-CFD8-4FCC-8C3E-329226463B80}
	EndGlobalSection
EndGlobal
